
Microsoft Visual Studio Solution File, Format Version 12.00
# Visual Studio Version 16
VisualStudioVersion = 16.0.30320.27
MinimumVisualStudioVersion = 10.0.40219.1
Project("{FAE04EC0-301F-11D3-BF4B-00C04F79EFBC}") = "csAnt_FastDrawToBitmap", "csAnt_FastDrawToBitmap\csAnt_FastDrawToBitmap.csproj", "{8B6040B1-D7FE-4DD5-B846-BE701721E62F}"
EndProject
Global
	GlobalSection(SolutionConfigurationPlatforms) = preSolution
		Debug|Any CPU = Debug|Any CPU
		Debug|x86 = Debug|x86
		Release|Any CPU = Release|Any CPU
		Release|x86 = Release|x86
	EndGlobalSection
	GlobalSection(ProjectConfigurationPlatforms) = postSolution
		{8B6040B1-D7FE-4DD5-B846-BE701721E62F}.Debug|Any CPU.ActiveCfg = Debug|Any CPU
		{8B6040B1-D7FE-4DD5-B846-BE701721E62F}.Debug|Any CPU.Build.0 = Debug|Any CPU
		{8B6040B1-D7FE-4DD5-B846-BE701721E62F}.Debug|x86.ActiveCfg = Debug|Any CPU
		{8B6040B1-D7FE-4DD5-B846-BE701721E62F}.Debug|x86.Build.0 = Debug|Any CPU
		{8B6040B1-D7FE-4DD5-B846-BE701721E62F}.Release|Any CPU.ActiveCfg = Release|Any CPU
		{8B6040B1-D7FE-4DD5-B846-BE701721E62F}.Release|Any CPU.Build.0 = Release|Any CPU
		{8B6040B1-D7FE-4DD5-B846-BE701721E62F}.Release|x86.ActiveCfg = Release|Any CPU
		{8B6040B1-D7FE-4DD5-B846-BE701721E62F}.Release|x86.Build.0 = Release|Any CPU
	EndGlobalSection
	GlobalSection(SolutionProperties) = preSolution
		HideSolutionNode = FALSE
	EndGlobalSection
	GlobalSection(ExtensibilityGlobals) = postSolution
		SolutionGuid = {6B57E01D-7BA7-4B7E-A014-A62E1E7FD096}
	EndGlobalSection
EndGlobal
